
Microsoft Visual Studio Solution File, Format Version 12.00
# Visual Studio 15
Project("{FAE04EC0-301F-11D3-BF4B-00C04F79EFBC}") = "Assembly-CSharp-Editor", "Assembly-CSharp-Editor.csproj", "{9BCA9AEB-D2B6-3A3B-9269-F259DA50D61D}"
EndProject
Project("{FAE04EC0-301F-11D3-BF4B-00C04F79EFBC}") = "Assembly-CSharp", "Assembly-CSharp.csproj", "{B55A08CE-5686-659D-C968-9DE0FBD14100}"
EndProject
Global
	GlobalSection(SolutionConfigurationPlatforms) = preSolution
		Debug|Any CPU = Debug|Any CPU
		Release|Any CPU = Release|Any CPU
	EndGlobalSection
	GlobalSection(ProjectConfigurationPlatforms) = postSolution
		{9BCA9AEB-D2B6-3A3B-9269-F259DA50D61D}.Debug|Any CPU.ActiveCfg = Debug|Any CPU
		{9BCA9AEB-D2B6-3A3B-9269-F259DA50D61D}.Debug|Any CPU.Build.0 = Debug|Any CPU
		{9BCA9AEB-D2B6-3A3B-9269-F259DA50D61D}.Release|Any CPU.ActiveCfg = Release|Any CPU
		{9BCA9AEB-D2B6-3A3B-9269-F259DA50D61D}.Release|Any CPU.Build.0 = Release|Any CPU
		{B55A08CE-5686-659D-C968-9DE0FBD14100}.Debug|Any CPU.ActiveCfg = Debug|Any CPU
		{B55A08CE-5686-659D-C968-9DE0FBD14100}.Debug|Any CPU.Build.0 = Debug|Any CPU
		{B55A08CE-5686-659D-C968-9DE0FBD14100}.Release|Any CPU.ActiveCfg = Release|Any CPU
		{B55A08CE-5686-659D-C968-9DE0FBD14100}.Release|Any CPU.Build.0 = Release|Any CPU
	EndGlobalSection
	GlobalSection(SolutionProperties) = preSolution
		HideSolutionNode = FALSE
	EndGlobalSection
EndGlobal
